
Microsoft Visual Studio Solution File, Format Version 12.00
# Visual Studio Version 17
VisualStudioVersion = 17.13.35806.99 d17.13
MinimumVisualStudioVersion = 10.0.40219.1
Project("{FAE04EC0-301F-11D3-BF4B-00C04F79EFBC}") = "WebApplication1", "WebApplication1.csproj", "{818E9C90-DAB3-49D2-85CC-8E253C411EEC}"
EndProject
Global
	GlobalSection(SolutionConfigurationPlatforms) = preSolution
		Debug|Any CPU = Debug|Any CPU
		Release|Any CPU = Release|Any CPU
	EndGlobalSection
	GlobalSection(ProjectConfigurationPlatforms) = postSolution
		{818E9C90-DAB3-49D2-85CC-8E253C411EEC}.Debug|Any CPU.ActiveCfg = Debug|Any CPU
		{818E9C90-DAB3-49D2-85CC-8E253C411EEC}.Debug|Any CPU.Build.0 = Debug|Any CPU
		{818E9C90-DAB3-49D2-85CC-8E253C411EEC}.Release|Any CPU.ActiveCfg = Release|Any CPU
		{818E9C90-DAB3-49D2-85CC-8E253C411EEC}.Release|Any CPU.Build.0 = Release|Any CPU
	EndGlobalSection
	GlobalSection(SolutionProperties) = preSolution
		HideSolutionNode = FALSE
	EndGlobalSection
	GlobalSection(ExtensibilityGlobals) = postSolution
		SolutionGuid = {3332E17F-F63B-4816-A9B5-C49305D26D2E}
	EndGlobalSection
EndGlobal
